
Microsoft Visual Studio Solution File, Format Version 12.00
# Visual Studio Version 17
VisualStudioVersion = 17.2.32616.157
MinimumVisualStudioVersion = 10.0.40219.1
Project("{FAE04EC0-301F-11D3-BF4B-00C04F79EFBC}") = "HackerRank", "HackerRank\HackerRank.csproj", "{0BA36145-8216-4763-A48E-C9B8F3255CEE}"
EndProject
Global
	GlobalSection(SolutionConfigurationPlatforms) = preSolution
		Debug|Any CPU = Debug|Any CPU
		Release|Any CPU = Release|Any CPU
	EndGlobalSection
	GlobalSection(ProjectConfigurationPlatforms) = postSolution
		{0BA36145-8216-4763-A48E-C9B8F3255CEE}.Debug|Any CPU.ActiveCfg = Debug|Any CPU
		{0BA36145-8216-4763-A48E-C9B8F3255CEE}.Debug|Any CPU.Build.0 = Debug|Any CPU
		{0BA36145-8216-4763-A48E-C9B8F3255CEE}.Release|Any CPU.ActiveCfg = Release|Any CPU
		{0BA36145-8216-4763-A48E-C9B8F3255CEE}.Release|Any CPU.Build.0 = Release|Any CPU
	EndGlobalSection
	GlobalSection(SolutionProperties) = preSolution
		HideSolutionNode = FALSE
	EndGlobalSection
	GlobalSection(ExtensibilityGlobals) = postSolution
		SolutionGuid = {FB7C3710-EA5F-4336-9418-244AE950E9E5}
	EndGlobalSection
EndGlobal
